
Microsoft Visual Studio Solution File, Format Version 12.00
# Visual Studio 15
VisualStudioVersion = 15.0.26124.0
MinimumVisualStudioVersion = 15.0.26124.0
Project("{2150E333-8FDC-42A3-9474-1A3956D46DE8}") = "src", "src", "{98EE8624-986E-44EA-8F83-EB6DF99F2FFD}"
EndProject
Project("{FAE04EC0-301F-11D3-BF4B-00C04F79EFBC}") = "GradeBook", "src\GradeBook\GradeBook.csproj", "{CFEED673-6E9E-4D6E-B281-2B2A962F520B}"
EndProject
Project("{2150E333-8FDC-42A3-9474-1A3956D46DE8}") = "test", "test", "{CC6B1599-9F19-40BE-9147-5B3AA5F1E999}"
EndProject
Project("{FAE04EC0-301F-11D3-BF4B-00C04F79EFBC}") = "GradeBook.Tests", "test\GradeBook.Tests\GradeBook.Tests.csproj", "{FBA6F188-C799-449E-AB9E-CF674908AC0C}"
EndProject
Global
	GlobalSection(SolutionConfigurationPlatforms) = preSolution
		Debug|Any CPU = Debug|Any CPU
		Debug|x64 = Debug|x64
		Debug|x86 = Debug|x86
		Release|Any CPU = Release|Any CPU
		Release|x64 = Release|x64
		Release|x86 = Release|x86
	EndGlobalSection
	GlobalSection(SolutionProperties) = preSolution
		HideSolutionNode = FALSE
	EndGlobalSection
	GlobalSection(ProjectConfigurationPlatforms) = postSolution
		{CFEED673-6E9E-4D6E-B281-2B2A962F520B}.Debug|Any CPU.ActiveCfg = Debug|Any CPU
		{CFEED673-6E9E-4D6E-B281-2B2A962F520B}.Debug|Any CPU.Build.0 = Debug|Any CPU
		{CFEED673-6E9E-4D6E-B281-2B2A962F520B}.Debug|x64.ActiveCfg = Debug|Any CPU
		{CFEED673-6E9E-4D6E-B281-2B2A962F520B}.Debug|x64.Build.0 = Debug|Any CPU
		{CFEED673-6E9E-4D6E-B281-2B2A962F520B}.Debug|x86.ActiveCfg = Debug|Any CPU
		{CFEED673-6E9E-4D6E-B281-2B2A962F520B}.Debug|x86.Build.0 = Debug|Any CPU
		{CFEED673-6E9E-4D6E-B281-2B2A962F520B}.Release|Any CPU.ActiveCfg = Release|Any CPU
		{CFEED673-6E9E-4D6E-B281-2B2A962F520B}.Release|Any CPU.Build.0 = Release|Any CPU
		{CFEED673-6E9E-4D6E-B281-2B2A962F520B}.Release|x64.ActiveCfg = Release|Any CPU
		{CFEED673-6E9E-4D6E-B281-2B2A962F520B}.Release|x64.Build.0 = Release|Any CPU
		{CFEED673-6E9E-4D6E-B281-2B2A962F520B}.Release|x86.ActiveCfg = Release|Any CPU
		{CFEED673-6E9E-4D6E-B281-2B2A962F520B}.Release|x86.Build.0 = Release|Any CPU
		{FBA6F188-C799-449E-AB9E-CF674908AC0C}.Debug|Any CPU.ActiveCfg = Debug|Any CPU
		{FBA6F188-C799-449E-AB9E-CF674908AC0C}.Debug|Any CPU.Build.0 = Debug|Any CPU
		{FBA6F188-C799-449E-AB9E-CF674908AC0C}.Debug|x64.ActiveCfg = Debug|Any CPU
		{FBA6F188-C799-449E-AB9E-CF674908AC0C}.Debug|x64.Build.0 = Debug|Any CPU
		{FBA6F188-C799-449E-AB9E-CF674908AC0C}.Debug|x86.ActiveCfg = Debug|Any CPU
		{FBA6F188-C799-449E-AB9E-CF674908AC0C}.Debug|x86.Build.0 = Debug|Any CPU
		{FBA6F188-C799-449E-AB9E-CF674908AC0C}.Release|Any CPU.ActiveCfg = Release|Any CPU
		{FBA6F188-C799-449E-AB9E-CF674908AC0C}.Release|Any CPU.Build.0 = Release|Any CPU
		{FBA6F188-C799-449E-AB9E-CF674908AC0C}.Release|x64.ActiveCfg = Release|Any CPU
		{FBA6F188-C799-449E-AB9E-CF674908AC0C}.Release|x64.Build.0 = Release|Any CPU
		{FBA6F188-C799-449E-AB9E-CF674908AC0C}.Release|x86.ActiveCfg = Release|Any CPU
		{FBA6F188-C799-449E-AB9E-CF674908AC0C}.Release|x86.Build.0 = Release|Any CPU
	EndGlobalSection
	GlobalSection(NestedProjects) = preSolution
		{CFEED673-6E9E-4D6E-B281-2B2A962F520B} = {98EE8624-986E-44EA-8F83-EB6DF99F2FFD}
		{FBA6F188-C799-449E-AB9E-CF674908AC0C} = {CC6B1599-9F19-40BE-9147-5B3AA5F1E999}
	EndGlobalSection
EndGlobal
